
Microsoft Visual Studio Solution File, Format Version 12.00
# Visual Studio Version 17
VisualStudioVersion = 17.5.002.0
MinimumVisualStudioVersion = 10.0.40219.1
Project("{2150E333-8FDC-42A3-9474-1A3956D46DE8}") = "GuidedProject", "GuidedProject", "{0FE66502-38E5-41D2-9461-E66E43EFF25F}"
EndProject
Project("{9A19103F-16F7-4668-BE54-9A1E7A4F7556}") = "Final", "GuidedProject\Final\Final.csproj", "{95AD762E-88F3-4533-AF09-55EF43504F6F}"
EndProject
Project("{9A19103F-16F7-4668-BE54-9A1E7A4F7556}") = "Starter", "GuidedProject\Starter\Starter.csproj", "{5C2E890A-9724-4278-BC78-1CDB58B2D120}"
EndProject
Global
	GlobalSection(SolutionConfigurationPlatforms) = preSolution
		Debug|Any CPU = Debug|Any CPU
		Release|Any CPU = Release|Any CPU
	EndGlobalSection
	GlobalSection(ProjectConfigurationPlatforms) = postSolution
		{95AD762E-88F3-4533-AF09-55EF43504F6F}.Debug|Any CPU.ActiveCfg = Debug|Any CPU
		{95AD762E-88F3-4533-AF09-55EF43504F6F}.Debug|Any CPU.Build.0 = Debug|Any CPU
		{95AD762E-88F3-4533-AF09-55EF43504F6F}.Release|Any CPU.ActiveCfg = Release|Any CPU
		{95AD762E-88F3-4533-AF09-55EF43504F6F}.Release|Any CPU.Build.0 = Release|Any CPU
		{5C2E890A-9724-4278-BC78-1CDB58B2D120}.Debug|Any CPU.ActiveCfg = Debug|Any CPU
		{5C2E890A-9724-4278-BC78-1CDB58B2D120}.Debug|Any CPU.Build.0 = Debug|Any CPU
		{5C2E890A-9724-4278-BC78-1CDB58B2D120}.Release|Any CPU.ActiveCfg = Release|Any CPU
		{5C2E890A-9724-4278-BC78-1CDB58B2D120}.Release|Any CPU.Build.0 = Release|Any CPU
	EndGlobalSection
	GlobalSection(SolutionProperties) = preSolution
		HideSolutionNode = FALSE
	EndGlobalSection
	GlobalSection(NestedProjects) = preSolution
		{95AD762E-88F3-4533-AF09-55EF43504F6F} = {0FE66502-38E5-41D2-9461-E66E43EFF25F}
		{5C2E890A-9724-4278-BC78-1CDB58B2D120} = {0FE66502-38E5-41D2-9461-E66E43EFF25F}
	EndGlobalSection
	GlobalSection(ExtensibilityGlobals) = postSolution
		SolutionGuid = {0620CCDF-17E7-4B6B-9D5E-27FDAFB1E51F}
	EndGlobalSection
EndGlobal
